PODS:
  - Alamofire (2.0.2)
  - Crashlytics (3.7.0):
    - Fabric (~> 1.6.3)
  - Fabric (1.6.7)
  - Kanna (1.0.5)
  - Kingfisher (2.0.4)
  - Mantle (2.0.6):
    - Mantle/extobjc (= 2.0.6)
  - Mantle/extobjc (2.0.6)
  - MBProgressHUD (0.9.2)
  - QGCollectionMenu (0.1.1)
  - QGOCCategory (0.1.1)
  - ReactiveCocoa (2.5):
    - ReactiveCocoa/UI (= 2.5)
  - ReactiveCocoa/Core (2.5):
    - ReactiveCocoa/no-arc
  - ReactiveCocoa/no-arc (2.5)
  - ReactiveCocoa/UI (2.5):
    - ReactiveCocoa/Core
  - ReactiveViewModel (0.3):
    - ReactiveCocoa (~> 2.4)
  - SVPullToRefresh (0.4.1)
  - UMengAnalytics-NO-IDFA (3.6.7)

DEPENDENCIES:
  - Alamofire (= 2.0.2)
  - Crashlytics
  - Fabric
  - Kanna (= 1.0.5)
  - Kingfisher (= 2.0.4)
  - Mantle (= 2.0.6)
  - MBProgressHUD (= 0.9.2)
  - QGCollectionMenu (from `https://github.com/QuanGe/QGCollectionMenu.git`)
  - QGOCCategory (from `https://github.com/QuanGe/QGOCCategory`)
  - ReactiveViewModel (= 0.3)
  - SVPullToRefresh (from `https://github.com/QuanGe/SVPullToRefresh`)
  - UMengAnalytics-NO-IDFA

EXTERNAL SOURCES:
  QGCollectionMenu:
    :git: https://github.com/QuanGe/QGCollectionMenu.git
  QGOCCategory:
    :git: https://github.com/QuanGe/QGOCCategory
  SVPullToRefresh:
    :git: https://github.com/QuanGe/SVPullToRefresh

CHECKOUT OPTIONS:
  QGCollectionMenu:
    :commit: e3e35751d21406d11ac0edbed577dbbe18c5e261
    :git: https://github.com/QuanGe/QGCollectionMenu.git
  QGOCCategory:
    :commit: c1317b24b581e37ffc21a980b77d078068aaf97a
    :git: https://github.com/QuanGe/QGOCCategory
  SVPullToRefresh:
    :commit: 40ea3942acb14fe851cd05f09341bc4101742ffa
    :git: https://github.com/QuanGe/SVPullToRefresh

SPEC CHECKSUMS:
  Alamofire: 8edbab00802a752bb5240cc2abe70e7e881488ad
  Crashlytics: c3a2333dea9e2733d2777f730910321fc9e25c0d
  Fabric: caf7580c725e64db144f610ac65cd60956911dc7
  Kanna: 1df5cd995dc1f3a282e3dcf7521cfef2f069ac4d
  Kingfisher: 8f1ec2c067ade2c549a1a594379b69c4b1ff81ab
  Mantle: 299966b00759634931699f69cb6a30b9239b944d
  MBProgressHUD: 1569cf7ace17a8bac47aabfbb8580a49690386d1
  QGCollectionMenu: 8ccb647043e1bd253a5d9362e6eb8a7da6f05d4a
  QGOCCategory: 437e1845b71e1c33b987a82b722ef0056c7747ac
  ReactiveCocoa: e2db045570aa97c695e7aa97c2bcab222ae51f4a
  ReactiveViewModel: 58918dcbcec2d3151195ab1ed9163c57a8163999
  SVPullToRefresh: ba2e718695a43253d8bea6852d2960097dc15d8c
  UMengAnalytics-NO-IDFA: 6d02561a00579b2e37718f204eb81347df5d7b8b

COCOAPODS: 0.39.0
